
Microsoft Visual Studio Solution File, Format Version 12.00
# Visual Studio Version 17
VisualStudioVersion = 17.9.34622.214
MinimumVisualStudioVersion = 10.0.40219.1
Project("{FAE04EC0-301F-11D3-BF4B-00C04F79EFBC}") = "WebApp.WindowsAuthentication", "WebApp.WindowsAuthentication\WebApp.WindowsAuthentication.csproj", "{49BA6D20-8108-469C-9081-CAD2043E4931}"
EndProject
Project("{FAE04EC0-301F-11D3-BF4B-00C04F79EFBC}") = "WebApp.IndividualAccounts", "WebApp.IndividualAccounts\WebApp.IndividualAccounts.csproj", "{FEC1D402-8C29-4D5E-A325-353335F04DAF}"
EndProject
Global
	GlobalSection(SolutionConfigurationPlatforms) = preSolution
		Debug|Any CPU = Debug|Any CPU
		Release|Any CPU = Release|Any CPU
	EndGlobalSection
	GlobalSection(ProjectConfigurationPlatforms) = postSolution
		{49BA6D20-8108-469C-9081-CAD2043E4931}.Debug|Any CPU.ActiveCfg = Debug|Any CPU
		{49BA6D20-8108-469C-9081-CAD2043E4931}.Debug|Any CPU.Build.0 = Debug|Any CPU
		{49BA6D20-8108-469C-9081-CAD2043E4931}.Release|Any CPU.ActiveCfg = Release|Any CPU
		{49BA6D20-8108-469C-9081-CAD2043E4931}.Release|Any CPU.Build.0 = Release|Any CPU
		{FEC1D402-8C29-4D5E-A325-353335F04DAF}.Debug|Any CPU.ActiveCfg = Debug|Any CPU
		{FEC1D402-8C29-4D5E-A325-353335F04DAF}.Debug|Any CPU.Build.0 = Debug|Any CPU
		{FEC1D402-8C29-4D5E-A325-353335F04DAF}.Release|Any CPU.ActiveCfg = Release|Any CPU
		{FEC1D402-8C29-4D5E-A325-353335F04DAF}.Release|Any CPU.Build.0 = Release|Any CPU
	EndGlobalSection
	GlobalSection(SolutionProperties) = preSolution
		HideSolutionNode = FALSE
	EndGlobalSection
	GlobalSection(ExtensibilityGlobals) = postSolution
		SolutionGuid = {1860AE77-4FE1-4835-A460-1A54025D2526}
	EndGlobalSection
EndGlobal
