
Microsoft Visual Studio Solution File, Format Version 12.00
# Visual Studio Version 17
VisualStudioVersion = 17.9.34607.119
MinimumVisualStudioVersion = 10.0.40219.1
Project("{9A19103F-16F7-4668-BE54-9A1E7A4F7556}") = "WebAppIdentity", "WebAppIdentity\WebAppIdentity.csproj", "{9F0906B8-C612-4F45-92DA-7196A5E2F36B}"
EndProject
Project("{9A19103F-16F7-4668-BE54-9A1E7A4F7556}") = "Infrastructure", "Infrastructure\Infrastructure.csproj", "{E6CA8948-F2D7-4CE8-9C18-94A9BA674ACF}"
EndProject
Global
	GlobalSection(SolutionConfigurationPlatforms) = preSolution
		Debug|Any CPU = Debug|Any CPU
		Release|Any CPU = Release|Any CPU
	EndGlobalSection
	GlobalSection(ProjectConfigurationPlatforms) = postSolution
		{9F0906B8-C612-4F45-92DA-7196A5E2F36B}.Debug|Any CPU.ActiveCfg = Debug|Any CPU
		{9F0906B8-C612-4F45-92DA-7196A5E2F36B}.Debug|Any CPU.Build.0 = Debug|Any CPU
		{9F0906B8-C612-4F45-92DA-7196A5E2F36B}.Release|Any CPU.ActiveCfg = Release|Any CPU
		{9F0906B8-C612-4F45-92DA-7196A5E2F36B}.Release|Any CPU.Build.0 = Release|Any CPU
		{E6CA8948-F2D7-4CE8-9C18-94A9BA674ACF}.Debug|Any CPU.ActiveCfg = Debug|Any CPU
		{E6CA8948-F2D7-4CE8-9C18-94A9BA674ACF}.Debug|Any CPU.Build.0 = Debug|Any CPU
		{E6CA8948-F2D7-4CE8-9C18-94A9BA674ACF}.Release|Any CPU.ActiveCfg = Release|Any CPU
		{E6CA8948-F2D7-4CE8-9C18-94A9BA674ACF}.Release|Any CPU.Build.0 = Release|Any CPU
	EndGlobalSection
	GlobalSection(SolutionProperties) = preSolution
		HideSolutionNode = FALSE
	EndGlobalSection
	GlobalSection(ExtensibilityGlobals) = postSolution
		SolutionGuid = {D000A381-10DE-448F-80C3-4A1BC94BDB22}
	EndGlobalSection
EndGlobal
